
Microsoft Visual Studio Solution File, Format Version 12.00
# Visual Studio Version 17
VisualStudioVersion = 17.5.002.0
MinimumVisualStudioVersion = 10.0.40219.1
Project("{9A19103F-16F7-4668-BE54-9A1E7A4F7556}") = "ProjetoTeste-Console", "ProjetoTeste-Console\ProjetoTeste-Console.csproj", "{838976B2-6D6B-4ED9-B56F-78F6B3D50C62}"
EndProject
Project("{9A19103F-16F7-4668-BE54-9A1E7A4F7556}") = "ProjetoTeste-Console.Common", "ProjetoTeste-Console.Common\ProjetoTeste-Console.Common.csproj", "{7F99A42E-7040-456B-AE94-EBECF31898FC}"
EndProject
Global
	GlobalSection(SolutionConfigurationPlatforms) = preSolution
		Debug|Any CPU = Debug|Any CPU
		Release|Any CPU = Release|Any CPU
	EndGlobalSection
	GlobalSection(ProjectConfigurationPlatforms) = postSolution
		{838976B2-6D6B-4ED9-B56F-78F6B3D50C62}.Debug|Any CPU.ActiveCfg = Debug|Any CPU
		{838976B2-6D6B-4ED9-B56F-78F6B3D50C62}.Debug|Any CPU.Build.0 = Debug|Any CPU
		{838976B2-6D6B-4ED9-B56F-78F6B3D50C62}.Release|Any CPU.ActiveCfg = Release|Any CPU
		{838976B2-6D6B-4ED9-B56F-78F6B3D50C62}.Release|Any CPU.Build.0 = Release|Any CPU
		{7F99A42E-7040-456B-AE94-EBECF31898FC}.Debug|Any CPU.ActiveCfg = Debug|Any CPU
		{7F99A42E-7040-456B-AE94-EBECF31898FC}.Debug|Any CPU.Build.0 = Debug|Any CPU
		{7F99A42E-7040-456B-AE94-EBECF31898FC}.Release|Any CPU.ActiveCfg = Release|Any CPU
		{7F99A42E-7040-456B-AE94-EBECF31898FC}.Release|Any CPU.Build.0 = Release|Any CPU
	EndGlobalSection
	GlobalSection(SolutionProperties) = preSolution
		HideSolutionNode = FALSE
	EndGlobalSection
	GlobalSection(ExtensibilityGlobals) = postSolution
		SolutionGuid = {43565E4E-7375-4798-BE44-F3AC6A14F4FD}
	EndGlobalSection
EndGlobal
