
Microsoft Visual Studio Solution File, Format Version 12.00
# Visual Studio Version 17
VisualStudioVersion = 17.5.002.0
MinimumVisualStudioVersion = 10.0.40219.1
Project("{9A19103F-16F7-4668-BE54-9A1E7A4F7556}") = "ProjetoTeste-Console", "ProjetoTeste-Console.csproj", "{1821BD22-6FA6-4249-AA5C-38559107DC26}"
EndProject
Global
	GlobalSection(SolutionConfigurationPlatforms) = preSolution
		Debug|Any CPU = Debug|Any CPU
		Release|Any CPU = Release|Any CPU
	EndGlobalSection
	GlobalSection(ProjectConfigurationPlatforms) = postSolution
		{1821BD22-6FA6-4249-AA5C-38559107DC26}.Debug|Any CPU.ActiveCfg = Debug|Any CPU
		{1821BD22-6FA6-4249-AA5C-38559107DC26}.Debug|Any CPU.Build.0 = Debug|Any CPU
		{1821BD22-6FA6-4249-AA5C-38559107DC26}.Release|Any CPU.ActiveCfg = Release|Any CPU
		{1821BD22-6FA6-4249-AA5C-38559107DC26}.Release|Any CPU.Build.0 = Release|Any CPU
	EndGlobalSection
	GlobalSection(SolutionProperties) = preSolution
		HideSolutionNode = FALSE
	EndGlobalSection
	GlobalSection(ExtensibilityGlobals) = postSolution
		SolutionGuid = {43565E4E-7375-4798-BE44-F3AC6A14F4FD}
	EndGlobalSection
EndGlobal
